
Microsoft Visual Studio Solution File, Format Version 12.00
# Visual Studio Version 17
VisualStudioVersion = 17.0.31903.59
MinimumVisualStudioVersion = 10.0.40219.1
Project("{9A19103F-16F7-4668-BE54-9A1E7A4F7556}") = "GullSharksAPI", "GullSharksAPI\GullSharksAPI.csproj", "{085432BF-46C5-4579-B18C-062B660D9737}"
EndProject
Project("{9A19103F-16F7-4668-BE54-9A1E7A4F7556}") = "GullSharksLib", "GullSharksLib\GullSharksLib.csproj", "{AAC53133-D470-44BD-AB06-594004923E21}"
EndProject
Project("{9A19103F-16F7-4668-BE54-9A1E7A4F7556}") = "GullSharksUnitTests", "GullSharksUnitTests\GullSharksUnitTests.csproj", "{8D737BB2-2B71-4C08-8433-82B90B040313}"
EndProject
Global
	GlobalSection(SolutionConfigurationPlatforms) = preSolution
		Debug|Any CPU = Debug|Any CPU
		Release|Any CPU = Release|Any CPU
	EndGlobalSection
	GlobalSection(ProjectConfigurationPlatforms) = postSolution
		{085432BF-46C5-4579-B18C-062B660D9737}.Debug|Any CPU.ActiveCfg = Debug|Any CPU
		{085432BF-46C5-4579-B18C-062B660D9737}.Debug|Any CPU.Build.0 = Debug|Any CPU
		{085432BF-46C5-4579-B18C-062B660D9737}.Release|Any CPU.ActiveCfg = Release|Any CPU
		{085432BF-46C5-4579-B18C-062B660D9737}.Release|Any CPU.Build.0 = Release|Any CPU
		{AAC53133-D470-44BD-AB06-594004923E21}.Debug|Any CPU.ActiveCfg = Debug|Any CPU
		{AAC53133-D470-44BD-AB06-594004923E21}.Debug|Any CPU.Build.0 = Debug|Any CPU
		{AAC53133-D470-44BD-AB06-594004923E21}.Release|Any CPU.ActiveCfg = Release|Any CPU
		{AAC53133-D470-44BD-AB06-594004923E21}.Release|Any CPU.Build.0 = Release|Any CPU
		{8D737BB2-2B71-4C08-8433-82B90B040313}.Debug|Any CPU.ActiveCfg = Debug|Any CPU
		{8D737BB2-2B71-4C08-8433-82B90B040313}.Debug|Any CPU.Build.0 = Debug|Any CPU
		{8D737BB2-2B71-4C08-8433-82B90B040313}.Release|Any CPU.ActiveCfg = Release|Any CPU
		{8D737BB2-2B71-4C08-8433-82B90B040313}.Release|Any CPU.Build.0 = Release|Any CPU
	EndGlobalSection
	GlobalSection(SolutionProperties) = preSolution
		HideSolutionNode = FALSE
	EndGlobalSection
	GlobalSection(ExtensibilityGlobals) = postSolution
		SolutionGuid = {17A7938D-F5D3-4E97-BC01-BC87F8AB8B2E}
	EndGlobalSection
EndGlobal
